github.com/grokify/goauth v0.24.0 h1:HoTGIPNRASMr5AMJfMY09jdZ96vN4HTQsL/fI8hgJPA=
github.com/grokify/goauth v0.24.0/go.mod h1:bS5qbmBW/zTgZ8UiKHHEGVFO2P86gde/tgKXVPS8rBo=
github.com/grokify/mogo v0.74.7 h1:wfN4Ahk65FJ9gWKtwhOgJtW48sh/4vT0nfoFo6QP+TA=
github.com/grokify/mogo v0.74.7/go.mod h1:fK2N1Fqj4CVOxIUVr4W7Oo6FGfCFJErNl57J2TYjQq0=
github.com/huandu/xstrings v1.5.0 h1:2ag3IFq9ZDANvthTwTiqSSZLjDc+BedvHPAp5tJy2TI=
github.com/huandu/xstrings v1.5.0/go.mod h1:y5/lhBue+AyNmUVz9RLU9xbLR0o4KIIExikq4ovT0aE=
golang.org/x/exp v0.0.0-20260820142414-ca536658362e h1:01Ju2A/fZKkci4zqx0eZxw//DnRYOnBiGJG14hFBhO8=
golang.org/x/exp v0.0.0-20260820142414-ca536658362e/go.mod h1:zeBbvyFKDaLwa7CH/zI8KXt7gTl14SF7sO08Pl5jBCM=
golang.org/x/text v0.41.0 h1:vz/seA0lnX87Othu2f/0L24RcgrXD9/YFTSuGjj3rH8=
golang.org/x/text v0.41.0/go.mod h1:jvf1O8ajNzZqhSrQBPbutR/EB83Cc0CFrezNQIwbb5M=
