github.com/grokify/goauth v0.17.2 h1:x+2SQY98h1mxttLa9vL5WLZF6/DDzDjA+3RhDY+U1lA=
github.com/grokify/goauth v0.17.2/go.mod h1:IposDWZOPrz6lawQJq4aq68B78wnqDqaIjcUO9XXl/Y=
github.com/grokify/mogo v0.44.0 h1:7l08vBtovpEtsKItOPj8dv34gG0WK7tgF2ybYnvy60k=
github.com/grokify/mogo v0.44.0/go.mod h1:OtHScf6nlByQ37lxeLRu7Z09IHbO6V6tKS6Rr4pCU0c=
github.com/huandu/xstrings v1.4.0 h1:D17IlohoQq4UcpqD7fDk80P7l+lwAmlFaBHgOipl2FU=
github.com/huandu/xstrings v1.4.0/go.mod h1:y5/lhBue+AyNmUVz9RLU9xbLR0o4KIIExikq4ovT0aE=
github.com/tkuchiki/go-timezone v0.2.2 h1:MdHR65KwgVTwWFQrota4SKzc4L5EfuH5SdZZGtk/P2Q=
github.com/tkuchiki/go-timezone v0.2.2/go.mod h1:oFweWxYl35C/s7HMVZXiA19Jr9Y0qJHMaG/J2TES4LY=
golang.org/x/exp v0.0.0-20221217163422-3c43f8badb15 h1:5oN1Pz/eDhCpbMbLstvIPa0b/BEQo6g6nwV3pLjfM6w=
golang.org/x/exp v0.0.0-20221217163422-3c43f8badb15/go.mod h1:CxIveKay+FTh1D0yPZemJVgC/95VzuuOLq5Qi4xnoYc=
golang.org/x/text v0.5.0 h1:OLmvp0KP+FVG99Ct/qFiL/Fhk4zp4QQnZ7b2U+5piUM=
golang.org/x/text v0.5.0/go.mod h1:mrYo+phRRbMaCq/xk9113O4dZlRixOauAjOtrjsXDZ8=
