github.com/grokify/goauth v0.23.29 h1:9hMzEIqUFPgeNFT817W4WAxQkV11IqWw25YVt7wuK10=
github.com/grokify/goauth v0.23.29/go.mod h1:vz+aZdLZ4+eroOSh/uOiv6P0pkmuMFgGCPRJbWoKKCw=
github.com/grokify/mogo v0.73.1 h1:DvC4Pk0DO9Q2T8wtDDkiO1JCH2lRufFcCdrinPMj9dQ=
github.com/grokify/mogo v0.73.1/go.mod h1:Tnis3WsQZYIAIW3D3M1nSGj+ErMRL8glBkzq3opQnRk=
github.com/huandu/xstrings v1.5.0 h1:2ag3IFq9ZDANvthTwTiqSSZLjDc+BedvHPAp5tJy2TI=
github.com/huandu/xstrings v1.5.0/go.mod h1:y5/lhBue+AyNmUVz9RLU9xbLR0o4KIIExikq4ovT0aE=
golang.org/x/exp v0.0.0-20260212183809-81e46e3db34a h1:ovFr6Z0MNmU7nH8VaX5xqw+05ST2uO1exVfZPVqRC5o=
golang.org/x/exp v0.0.0-20260212183809-81e46e3db34a/go.mod h1:K79w1Vqn7PoiZn+TkNpx3BUWUQksGO3JcVX6qIjytmA=
golang.org/x/text v0.34.0 h1:oL/Qq0Kdaqxa1KbNeMKwQq0reLCCaFtqu2eNuSeNHbk=
golang.org/x/text v0.34.0/go.mod h1:homfLqTYRFyVYemLBFl5GgL/DWEiH5wcsQ5gSh1yziA=
